// !$*UTF8*$!
{
	archiveVersion = 1;
	classes = {
	};
	objectVersion = 55;
	objects = {

/* Begin PBXBuildFile section */
		E36813752838DD9800C56134 /* BullseyeApp.swift in Sources */ = {isa = PBXBuildFile; fileRef = E368134D2838DD9700C56134 /* BullseyeApp.swift */; };
		E36813762838DD9800C56134 /* BullseyeApp.swift in Sources */ = {isa = PBXBuildFile; fileRef = E368134D2838DD9700C56134 /* BullseyeApp.swift */; };
		E36813772838DD9800C56134 /* ContentView.swift in Sources */ = {isa = PBXBuildFile; fileRef = E368134E2838DD9700C56134 /* ContentView.swift */; };
		E36813782838DD9800C56134 /* ContentView.swift in Sources */ = {isa = PBXBuildFile; fileRef = E368134E2838DD9700C56134 /* ContentView.swift */; };
		E36813792838DD9800C56134 /* Assets.xcassets in Resources */ = {isa = PBXBuildFile; fileRef = E368134F2838DD9800C56134 /* Assets.xcassets */; };
		E368137A2838DD9800C56134 /* Assets.xcassets in Resources */ = {isa = PBXBuildFile; fileRef = E368134F2838DD9800C56134 /* Assets.xcassets */; };
		E368138D283966A600C56134 /* Game.swift in Sources */ = {isa = PBXBuildFile; fileRef = E368138C283966A600C56134 /* Game.swift */; };
		E368139528396A2A00C56134 /* BullseyeTests.swift in Sources */ = {isa = PBXBuildFile; fileRef = E368139428396A2A00C56134 /* BullseyeTests.swift */; };
		E39B4203283A2FDA0073E4C7 /* TextViews.swift in Sources */ = {isa = PBXBuildFile; fileRef = E39B4202283A2FDA0073E4C7 /* TextViews.swift */; };
		E39B4204283A2FDA0073E4C7 /* TextViews.swift in Sources */ = {isa = PBXBuildFile; fileRef = E39B4202283A2FDA0073E4C7 /* TextViews.swift */; };
		E39B4206283A36200073E4C7 /* Shapes.swift in Sources */ = {isa = PBXBuildFile; fileRef = E39B4205283A36200073E4C7 /* Shapes.swift */; };
		E39B4207283A36200073E4C7 /* Shapes.swift in Sources */ = {isa = PBXBuildFile; fileRef = E39B4205283A36200073E4C7 /* Shapes.swift */; };
		E39B4209283A3A160073E4C7 /* RoundView.swift in Sources */ = {isa = PBXBuildFile; fileRef = E39B4208283A3A160073E4C7 /* RoundView.swift */; };
		E39B420A283A3A160073E4C7 /* RoundView.swift in Sources */ = {isa = PBXBuildFile; fileRef = E39B4208283A3A160073E4C7 /* RoundView.swift */; };
		E39B420C283A41800073E4C7 /* BackgroundView.swift in Sources */ = {isa = PBXBuildFile; fileRef = E39B420B283A41800073E4C7 /* BackgroundView.swift */; };
		E39B420D283A41800073E4C7 /* BackgroundView.swift in Sources */ = {isa = PBXBuildFile; fileRef = E39B420B283A41800073E4C7 /* BackgroundView.swift */; };
/* End PBXBuildFile section */

/* Begin PBXContainerItemProxy section */
		E36813622838DD9800C56134 /* PBXContainerItemProxy */ = {
			isa = PBXContainerItemProxy;
			containerPortal = E36813482838DD9700C56134 /* Project object */;
			proxyType = 1;
			remoteGlobalIDString = E36813532838DD9800C56134;
			remoteInfo = "Bullseye (iOS)";
		};
		E368136E2838DD9800C56134 /* PBXContainerItemProxy */ = {
			isa = PBXContainerItemProxy;
			containerPortal = E36813482838DD9700C56134 /* Project object */;
			proxyType = 1;
			remoteGlobalIDString = E36813592838DD9800C56134;
			remoteInfo = "Bullseye (macOS)";
		};
		E368139628396A2A00C56134 /* PBXContainerItemProxy */ = {
			isa = PBXContainerItemProxy;
			containerPortal = E36813482838DD9700C56134 /* Project object */;
			proxyType = 1;
			remoteGlobalIDString = E36813532838DD9800C56134;
			remoteInfo = "Bullseye (iOS)";
		};
/* End PBXContainerItemProxy section */

/* Begin PBXFileReference section */
		E368134D2838DD9700C56134 /* BullseyeApp.swift */ = {isa = PBXFileReference; lastKnownFileType = sourcecode.swift; path = BullseyeApp.swift; sourceTree = "<group>"; };
		E368134E2838DD9700C56134 /* ContentView.swift */ = {isa = PBXFileReference; lastKnownFileType = sourcecode.swift; path = ContentView.swift; sourceTree = "<group>"; };
		E368134F2838DD9800C56134 /* Assets.xcassets */ = {isa = PBXFileReference; lastKnownFileType = folder.assetcatalog; path = Assets.xcassets; sourceTree = "<group>"; };
		E36813542838DD9800C56134 /* Bullseye.app */ = {isa = PBXFileReference; explicitFileType = wrapper.application; includeInIndex = 0; path = Bullseye.app; sourceTree = BUILT_PRODUCTS_DIR; };
		E368135A2838DD9800C56134 /* Bullseye.app */ = {isa = PBXFileReference; explicitFileType = wrapper.application; includeInIndex = 0; path = Bullseye.app; sourceTree = BUILT_PRODUCTS_DIR; };
		E36813612838DD9800C56134 /* Tests iOS.xctest */ = {isa = PBXFileReference; explicitFileType = wrapper.cfbundle; includeInIndex = 0; path = "Tests iOS.xctest"; sourceTree = BUILT_PRODUCTS_DIR; };
		E368136D2838DD9800C56134 /* Tests macOS.xctest */ = {isa = PBXFileReference; explicitFileType = wrapper.cfbundle; includeInIndex = 0; path = "Tests macOS.xctest"; sourceTree = BUILT_PRODUCTS_DIR; };
		E368138C283966A600C56134 /* Game.swift */ = {isa = PBXFileReference; lastKnownFileType = sourcecode.swift; path = Game.swift; sourceTree = "<group>"; };
		E368139228396A2A00C56134 /* BullseyeTests.xctest */ = {isa = PBXFileReference; explicitFileType = wrapper.cfbundle; includeInIndex = 0; path = BullseyeTests.xctest; sourceTree = BUILT_PRODUCTS_DIR; };
		E368139428396A2A00C56134 /* BullseyeTests.swift */ = {isa = PBXFileReference; lastKnownFileType = sourcecode.swift; path = BullseyeTests.swift; sourceTree = "<group>"; };
		E39B4202283A2FDA0073E4C7 /* TextViews.swift */ = {isa = PBXFileReference; lastKnownFileType = sourcecode.swift; path = TextViews.swift; sourceTree = "<group>"; };
		E39B4205283A36200073E4C7 /* Shapes.swift */ = {isa = PBXFileReference; lastKnownFileType = sourcecode.swift; path = Shapes.swift; sourceTree = "<group>"; };
		E39B4208283A3A160073E4C7 /* RoundView.swift */ = {isa = PBXFileReference; lastKnownFileType = sourcecode.swift; path = RoundView.swift; sourceTree = "<group>"; };
		E39B420B283A41800073E4C7 /* BackgroundView.swift */ = {isa = PBXFileReference; lastKnownFileType = sourcecode.swift; path = BackgroundView.swift; sourceTree = "<group>"; };
/* End PBXFileReference section */

/* Begin PBXFrameworksBuildPhase section */
		E36813512838DD9800C56134 /* Frameworks */ = {
			isa = PBXFrameworksBuildPhase;
			buildActionMask = 2147483647;
			files = (
			);
			runOnlyForDeploymentPostprocessing = 0;
		};
		E36813572838DD9800C56134 /* Frameworks */ = {
			isa = PBXFrameworksBuildPhase;
			buildActionMask = 2147483647;
			files = (
			);
			runOnlyForDeploymentPostprocessing = 0;
		};
		E368135E2838DD9800C56134 /* Frameworks */ = {
			isa = PBXFrameworksBuildPhase;
			buildActionMask = 2147483647;
			files = (
			);
			runOnlyForDeploymentPostprocessing = 0;
		};
		E368136A2838DD9800C56134 /* Frameworks */ = {
			isa = PBXFrameworksBuildPhase;
			buildActionMask = 2147483647;
			files = (
			);
			runOnlyForDeploymentPostprocessing = 0;
		};
		E368138F28396A2A00C56134 /* Frameworks */ = {
			isa = PBXFrameworksBuildPhase;
			buildActionMask = 2147483647;
			files = (
			);
			runOnlyForDeploymentPostprocessing = 0;
		};
/* End PBXFrameworksBuildPhase section */

/* Begin PBXGroup section */
		E36813472838DD9700C56134 = {
			isa = PBXGroup;
			children = (
				E368134C2838DD9700C56134 /* Shared */,
				E368139328396A2A00C56134 /* BullseyeTests */,
				E36813552838DD9800C56134 /* Products */,
			);
			sourceTree = "<group>";
		};
		E368134C2838DD9700C56134 /* Shared */ = {
			isa = PBXGroup;
			children = (
				E368138B283965BB00C56134 /* App */,
				E368138A283965A400C56134 /* Models */,
				E36813892839659A00C56134 /* Views */,
			);
			path = Shared;
			sourceTree = "<group>";
		};
		E36813552838DD9800C56134 /* Products */ = {
			isa = PBXGroup;
			children = (
				E36813542838DD9800C56134 /* Bullseye.app */,
				E368135A2838DD9800C56134 /* Bullseye.app */,
				E36813612838DD9800C56134 /* Tests iOS.xctest */,
				E368136D2838DD9800C56134 /* Tests macOS.xctest */,
				E368139228396A2A00C56134 /* BullseyeTests.xctest */,
			);
			name = Products;
			sourceTree = "<group>";
		};
		E36813892839659A00C56134 /* Views */ = {
			isa = PBXGroup;
			children = (
				E368134E2838DD9700C56134 /* ContentView.swift */,
				E39B4202283A2FDA0073E4C7 /* TextViews.swift */,
				E39B4205283A36200073E4C7 /* Shapes.swift */,
				E39B4208283A3A160073E4C7 /* RoundView.swift */,
				E39B420B283A41800073E4C7 /* BackgroundView.swift */,
			);
			path = Views;
			sourceTree = "<group>";
		};
		E368138A283965A400C56134 /* Models */ = {
			isa = PBXGroup;
			children = (
				E368138C283966A600C56134 /* Game.swift */,
			);
			path = Models;
			sourceTree = "<group>";
		};
		E368138B283965BB00C56134 /* App */ = {
			isa = PBXGroup;
			children = (
				E368134D2838DD9700C56134 /* BullseyeApp.swift */,
				E368134F2838DD9800C56134 /* Assets.xcassets */,
			);
			path = App;
			sourceTree = "<group>";
		};
		E368139328396A2A00C56134 /* BullseyeTests */ = {
			isa = PBXGroup;
			children = (
				E368139428396A2A00C56134 /* BullseyeTests.swift */,
			);
			path = BullseyeTests;
			sourceTree = "<group>";
		};
/* End PBXGroup section */

/* Begin PBXNativeTarget section */
		E36813532838DD9800C56134 /* Bullseye (iOS) */ = {
			isa = PBXNativeTarget;
			buildConfigurationList = E368137D2838DD9800C56134 /* Build configuration list for PBXNativeTarget "Bullseye (iOS)" */;
			buildPhases = (
				E36813502838DD9800C56134 /* Sources */,
				E36813512838DD9800C56134 /* Frameworks */,
				E36813522838DD9800C56134 /* Resources */,
			);
			buildRules = (
			);
			dependencies = (
			);
			name = "Bullseye (iOS)";
			productName = "Bullseye (iOS)";
			productReference = E36813542838DD9800C56134 /* Bullseye.app */;
			productType = "com.apple.product-type.application";
		};
		E36813592838DD9800C56134 /* Bullseye (macOS) */ = {
			isa = PBXNativeTarget;
			buildConfigurationList = E36813802838DD9800C56134 /* Build configuration list for PBXNativeTarget "Bullseye (macOS)" */;
			buildPhases = (
				E36813562838DD9800C56134 /* Sources */,
				E36813572838DD9800C56134 /* Frameworks */,
				E36813582838DD9800C56134 /* Resources */,
			);
			buildRules = (
			);
			dependencies = (
			);
			name = "Bullseye (macOS)";
			productName = "Bullseye (macOS)";
			productReference = E368135A2838DD9800C56134 /* Bullseye.app */;
			productType = "com.apple.product-type.application";
		};
		E36813602838DD9800C56134 /* Tests iOS */ = {
			isa = PBXNativeTarget;
			buildConfigurationList = E36813832838DD9800C56134 /* Build configuration list for PBXNativeTarget "Tests iOS" */;
			buildPhases = (
				E368135D2838DD9800C56134 /* Sources */,
				E368135E2838DD9800C56134 /* Frameworks */,
				E368135F2838DD9800C56134 /* Resources */,
			);
			buildRules = (
			);
			dependencies = (
				E36813632838DD9800C56134 /* PBXTargetDependency */,
			);
			name = "Tests iOS";
			productName = "Tests iOS";
			productReference = E36813612838DD9800C56134 /* Tests iOS.xctest */;
			productType = "com.apple.product-type.bundle.ui-testing";
		};
		E368136C2838DD9800C56134 /* Tests macOS */ = {
			isa = PBXNativeTarget;
			buildConfigurationList = E36813862838DD9800C56134 /* Build configuration list for PBXNativeTarget "Tests macOS" */;
			buildPhases = (
				E36813692838DD9800C56134 /* Sources */,
				E368136A2838DD9800C56134 /* Frameworks */,
				E368136B2838DD9800C56134 /* Resources */,
			);
			buildRules = (
			);
			dependencies = (
				E368136F2838DD9800C56134 /* PBXTargetDependency */,
			);
			name = "Tests macOS";
			productName = "Tests macOS";
			productReference = E368136D2838DD9800C56134 /* Tests macOS.xctest */;
			productType = "com.apple.product-type.bundle.ui-testing";
		};
		E368139128396A2A00C56134 /* BullseyeTests */ = {
			isa = PBXNativeTarget;
			buildConfigurationList = E368139828396A2A00C56134 /* Build configuration list for PBXNativeTarget "BullseyeTests" */;
			buildPhases = (
				E368138E28396A2A00C56134 /* Sources */,
				E368138F28396A2A00C56134 /* Frameworks */,
				E368139028396A2A00C56134 /* Resources */,
			);
			buildRules = (
			);
			dependencies = (
				E368139728396A2A00C56134 /* PBXTargetDependency */,
			);
			name = BullseyeTests;
			productName = BullseyeTests;
			productReference = E368139228396A2A00C56134 /* BullseyeTests.xctest */;
			productType = "com.apple.product-type.bundle.unit-test";
		};
/* End PBXNativeTarget section */

/* Begin PBXProject section */
		E36813482838DD9700C56134 /* Project object */ = {
			isa = PBXProject;
			attributes = {
				BuildIndependentTargetsInParallel = 1;
				LastSwiftUpdateCheck = 1330;
				LastUpgradeCheck = 1330;
				TargetAttributes = {
					E36813532838DD9800C56134 = {
						CreatedOnToolsVersion = 13.3.1;
					};
					E36813592838DD9800C56134 = {
						CreatedOnToolsVersion = 13.3.1;
					};
					E36813602838DD9800C56134 = {
						CreatedOnToolsVersion = 13.3.1;
						TestTargetID = E36813532838DD9800C56134;
					};
					E368136C2838DD9800C56134 = {
						CreatedOnToolsVersion = 13.3.1;
						TestTargetID = E36813592838DD9800C56134;
					};
					E368139128396A2A00C56134 = {
						CreatedOnToolsVersion = 13.3.1;
						TestTargetID = E36813532838DD9800C56134;
					};
				};
			};
			buildConfigurationList = E368134B2838DD9700C56134 /* Build configuration list for PBXProject "Bullseye" */;
			compatibilityVersion = "Xcode 13.0";
			developmentRegion = en;
			hasScannedForEncodings = 0;
			knownRegions = (
				en,
				Base,
			);
			mainGroup = E36813472838DD9700C56134;
			productRefGroup = E36813552838DD9800C56134 /* Products */;
			projectDirPath = "";
			projectRoot = "";
			targets = (
				E36813532838DD9800C56134 /* Bullseye (iOS) */,
				E36813592838DD9800C56134 /* Bullseye (macOS) */,
				E36813602838DD9800C56134 /* Tests iOS */,
				E368136C2838DD9800C56134 /* Tests macOS */,
				E368139128396A2A00C56134 /* BullseyeTests */,
			);
		};
/* End PBXProject section */

/* Begin PBXResourcesBuildPhase section */
		E36813522838DD9800C56134 /* Resources */ = {
			isa = PBXResourcesBuildPhase;
			buildActionMask = 2147483647;
			files = (
				E36813792838DD9800C56134 /* Assets.xcassets in Resources */,
			);
			runOnlyForDeploymentPostprocessing = 0;
		};
		E36813582838DD9800C56134 /* Resources */ = {
			isa = PBXResourcesBuildPhase;
			buildActionMask = 2147483647;
			files = (
				E368137A2838DD9800C56134 /* Assets.xcassets in Resources */,
			);
			runOnlyForDeploymentPostprocessing = 0;
		};
		E368135F2838DD9800C56134 /* Resources */ = {
			isa = PBXResourcesBuildPhase;
			buildActionMask = 2147483647;
			files = (
			);
			runOnlyForDeploymentPostprocessing = 0;
		};
		E368136B2838DD9800C56134 /* Resources */ = {
			isa = PBXResourcesBuildPhase;
			buildActionMask = 2147483647;
			files = (
			);
			runOnlyForDeploymentPostprocessing = 0;
		};
		E368139028396A2A00C56134 /* Resources */ = {
			isa = PBXResourcesBuildPhase;
			buildActionMask = 2147483647;
			files = (
			);
			runOnlyForDeploymentPostprocessing = 0;
		};
/* End PBXResourcesBuildPhase section */

/* Begin PBXSourcesBuildPhase section */
		E36813502838DD9800C56134 /* Sources */ = {
			isa = PBXSourcesBuildPhase;
			buildActionMask = 2147483647;
			files = (
				E36813772838DD9800C56134 /* ContentView.swift in Sources */,
				E39B4209283A3A160073E4C7 /* RoundView.swift in Sources */,
				E39B4203283A2FDA0073E4C7 /* TextViews.swift in Sources */,
				E39B420C283A41800073E4C7 /* BackgroundView.swift in Sources */,
				E39B4206283A36200073E4C7 /* Shapes.swift in Sources */,
				E368138D283966A600C56134 /* Game.swift in Sources */,
				E36813752838DD9800C56134 /* BullseyeApp.swift in Sources */,
			);
			runOnlyForDeploymentPostprocessing = 0;
		};
		E36813562838DD9800C56134 /* Sources */ = {
			isa = PBXSourcesBuildPhase;
			buildActionMask = 2147483647;
			files = (
				E39B420D283A41800073E4C7 /* BackgroundView.swift in Sources */,
				E36813782838DD9800C56134 /* ContentView.swift in Sources */,
				E36813762838DD9800C56134 /* BullseyeApp.swift in Sources */,
				E39B4204283A2FDA0073E4C7 /* TextViews.swift in Sources */,
				E39B4207283A36200073E4C7 /* Shapes.swift in Sources */,
				E39B420A283A3A160073E4C7 /* RoundView.swift in Sources */,
			);
			runOnlyForDeploymentPostprocessing = 0;
		};
		E368135D2838DD9800C56134 /* Sources */ = {
			isa = PBXSourcesBuildPhase;
			buildActionMask = 2147483647;
			files = (
			);
			runOnlyForDeploymentPostprocessing = 0;
		};
		E36813692838DD9800C56134 /* Sources */ = {
			isa = PBXSourcesBuildPhase;
			buildActionMask = 2147483647;
			files = (
			);
			runOnlyForDeploymentPostprocessing = 0;
		};
		E368138E28396A2A00C56134 /* Sources */ = {
			isa = PBXSourcesBuildPhase;
			buildActionMask = 2147483647;
			files = (
				E368139528396A2A00C56134 /* BullseyeTests.swift in Sources */,
			);
			runOnlyForDeploymentPostprocessing = 0;
		};
/* End PBXSourcesBuildPhase section */

/* Begin PBXTargetDependency section */
		E36813632838DD9800C56134 /* PBXTargetDependency */ = {
			isa = PBXTargetDependency;
			target = E36813532838DD9800C56134 /* Bullseye (iOS) */;
			targetProxy = E36813622838DD9800C56134 /* PBXContainerItemProxy */;
		};
		E368136F2838DD9800C56134 /* PBXTargetDependency */ = {
			isa = PBXTargetDependency;
			target = E36813592838DD9800C56134 /* Bullseye (macOS) */;
			targetProxy = E368136E2838DD9800C56134 /* PBXContainerItemProxy */;
		};
		E368139728396A2A00C56134 /* PBXTargetDependency */ = {
			isa = PBXTargetDependency;
			target = E36813532838DD9800C56134 /* Bullseye (iOS) */;
			targetProxy = E368139628396A2A00C56134 /* PBXContainerItemProxy */;
		};
/* End PBXTargetDependency section */

/* Begin XCBuildConfiguration section */
		E368137B2838DD9800C56134 /* Debug */ = {
			isa = XCBuildConfiguration;
			buildSettings = {
				ALWAYS_SEARCH_USER_PATHS = NO;
				CLANG_ANALYZER_NONNULL = YES;
				CLANG_ANALYZER_NUMBER_OBJECT_CONVERSION = YES_AGGRESSIVE;
				CLANG_CXX_LANGUAGE_STANDARD = "gnu++17";
				CLANG_ENABLE_MODULES = YES;
				CLANG_ENABLE_OBJC_ARC = YES;
				CLANG_ENABLE_OBJC_WEAK = YES;
				CLANG_WARN_BLOCK_CAPTURE_AUTORELEASING = YES;
				CLANG_WARN_BOOL_CONVERSION = YES;
				CLANG_WARN_COMMA = YES;
				CLANG_WARN_CONSTANT_CONVERSION = YES;
				CLANG_WARN_DEPRECATED_OBJC_IMPLEMENTATIONS = YES;
				CLANG_WARN_DIRECT_OBJC_ISA_USAGE = YES_ERROR;
				CLANG_WARN_DOCUMENTATION_COMMENTS = YES;
				CLANG_WARN_EMPTY_BODY = YES;
				CLANG_WARN_ENUM_CONVERSION = YES;
				CLANG_WARN_INFINITE_RECURSION = YES;
				CLANG_WARN_INT_CONVERSION = YES;
				CLANG_WARN_NON_LITERAL_NULL_CONVERSION = YES;
				CLANG_WARN_OBJC_IMPLICIT_RETAIN_SELF = YES;
				CLANG_WARN_OBJC_LITERAL_CONVERSION = YES;
				CLANG_WARN_OBJC_ROOT_CLASS = YES_ERROR;
				CLANG_WARN_QUOTED_INCLUDE_IN_FRAMEWORK_HEADER = YES;
				CLANG_WARN_RANGE_LOOP_ANALYSIS = YES;
				CLANG_WARN_STRICT_PROTOTYPES = YES;
				CLANG_WARN_SUSPICIOUS_MOVE = YES;
				CLANG_WARN_UNGUARDED_AVAILABILITY = YES_AGGRESSIVE;
				CLANG_WARN_UNREACHABLE_CODE = YES;
				CLANG_WARN__DUPLICATE_METHOD_MATCH = YES;
				COPY_PHASE_STRIP = NO;
				DEBUG_INFORMATION_FORMAT = dwarf;
				ENABLE_STRICT_OBJC_MSGSEND = YES;
				ENABLE_TESTABILITY = YES;
				GCC_C_LANGUAGE_STANDARD = gnu11;
				GCC_DYNAMIC_NO_PIC = NO;
				GCC_NO_COMMON_BLOCKS = YES;
				GCC_OPTIMIZATION_LEVEL = 0;
				GCC_PREPROCESSOR_DEFINITIONS = (
					"DEBUG=1",
					"$(inherited)",
				);
				GCC_WARN_64_TO_32_BIT_CONVERSION = YES;
				GCC_WARN_ABOUT_RETURN_TYPE = YES_ERROR;
				GCC_WARN_UNDECLARED_SELECTOR = YES;
				GCC_WARN_UNINITIALIZED_AUTOS = YES_AGGRESSIVE;
				GCC_WARN_UNUSED_FUNCTION = YES;
				GCC_WARN_UNUSED_VARIABLE = YES;
				MTL_ENABLE_DEBUG_INFO = INCLUDE_SOURCE;
				MTL_FAST_MATH = YES;
				ONLY_ACTIVE_ARCH = YES;
				SWIFT_ACTIVE_COMPILATION_CONDITIONS = DEBUG;
				SWIFT_OPTIMIZATION_LEVEL = "-Onone";
			};
			name = Debug;
		};
		E368137C2838DD9800C56134 /* Release */ = {
			isa = XCBuildConfiguration;
			buildSettings = {
				ALWAYS_SEARCH_USER_PATHS = NO;
				CLANG_ANALYZER_NONNULL = YES;
				CLANG_ANALYZER_NUMBER_OBJECT_CONVERSION = YES_AGGRESSIVE;
				CLANG_CXX_LANGUAGE_STANDARD = "gnu++17";
				CLANG_ENABLE_MODULES = YES;
				CLANG_ENABLE_OBJC_ARC = YES;
				CLANG_ENABLE_OBJC_WEAK = YES;
				CLANG_WARN_BLOCK_CAPTURE_AUTORELEASING = YES;
				CLANG_WARN_BOOL_CONVERSION = YES;
				CLANG_WARN_COMMA = YES;
				CLANG_WARN_CONSTANT_CONVERSION = YES;
				CLANG_WARN_DEPRECATED_OBJC_IMPLEMENTATIONS = YES;
				CLANG_WARN_DIRECT_OBJC_ISA_USAGE = YES_ERROR;
				CLANG_WARN_DOCUMENTATION_COMMENTS = YES;
				CLANG_WARN_EMPTY_BODY = YES;
				CLANG_WARN_ENUM_CONVERSION = YES;
				CLANG_WARN_INFINITE_RECURSION = YES;
				CLANG_WARN_INT_CONVERSION = YES;
				CLANG_WARN_NON_LITERAL_NULL_CONVERSION = YES;
				CLANG_WARN_OBJC_IMPLICIT_RETAIN_SELF = YES;
				CLANG_WARN_OBJC_LITERAL_CONVERSION = YES;
				CLANG_WARN_OBJC_ROOT_CLASS = YES_ERROR;
				CLANG_WARN_QUOTED_INCLUDE_IN_FRAMEWORK_HEADER = YES;
				CLANG_WARN_RANGE_LOOP_ANALYSIS = YES;
				CLANG_WARN_STRICT_PROTOTYPES = YES;
				CLANG_WARN_SUSPICIOUS_MOVE = YES;
				CLANG_WARN_UNGUARDED_AVAILABILITY = YES_AGGRESSIVE;
				CLANG_WARN_UNREACHABLE_CODE = YES;
				CLANG_WARN__DUPLICATE_METHOD_MATCH = YES;
				COPY_PHASE_STRIP = NO;
				DEBUG_INFORMATION_FORMAT = "dwarf-with-dsym";
				ENABLE_NS_ASSERTIONS = NO;
				ENABLE_STRICT_OBJC_MSGSEND = YES;
				GCC_C_LANGUAGE_STANDARD = gnu11;
				GCC_NO_COMMON_BLOCKS = YES;
				GCC_WARN_64_TO_32_BIT_CONVERSION = YES;
				GCC_WARN_ABOUT_RETURN_TYPE = YES_ERROR;
				GCC_WARN_UNDECLARED_SELECTOR = YES;
				GCC_WARN_UNINITIALIZED_AUTOS = YES_AGGRESSIVE;
				GCC_WARN_UNUSED_FUNCTION = YES;
				GCC_WARN_UNUSED_VARIABLE = YES;
				MTL_ENABLE_DEBUG_INFO = NO;
				MTL_FAST_MATH = YES;
				SWIFT_COMPILATION_MODE = wholemodule;
				SWIFT_OPTIMIZATION_LEVEL = "-O";
			};
			name = Release;
		};
		E368137E2838DD9800C56134 /* Debug */ = {
			isa = XCBuildConfiguration;
			buildSettings = {
				ASSETCATALOG_COMPILER_APPICON_NAME = AppIcon;
				ASSETCATALOG_COMPILER_GLOBAL_ACCENT_COLOR_NAME = AccentColor;
				CODE_SIGN_STYLE = Automatic;
				CREATE_INFOPLIST_SECTION_IN_BINARY = YES;
				CURRENT_PROJECT_VERSION = 1;
				DEVELOPMENT_TEAM = QW87FGX966;
				ENABLE_PREVIEWS = YES;
				GENERATE_INFOPLIST_FILE = YES;
				INFOPLIST_KEY_UIApplicationSceneManifest_Generation = YES;
				INFOPLIST_KEY_UIApplicationSupportsIndirectInputEvents = YES;
				INFOPLIST_KEY_UILaunchScreen_Generation = YES;
				INFOPLIST_KEY_UISupportedInterfaceOrientations_iPad = "UIInterfaceOrientationPortrait UIInterfaceOrientationPortraitUpsideDown UIInterfaceOrientationLandscapeLeft UIInterfaceOrientationLandscapeRight";
				INFOPLIST_KEY_UISupportedInterfaceOrientations_iPhone = "UIInterfaceOrientationPortrait UIInterfaceOrientationLandscapeLeft UIInterfaceOrientationLandscapeRight";
				IPHONEOS_DEPLOYMENT_TARGET = 15.4;
				LD_RUNPATH_SEARCH_PATHS = (
					"$(inherited)",
					"@executable_path/Frameworks",
				);
				MARKETING_VERSION = 1.0;
				PRODUCT_BUNDLE_IDENTIFIER = com.hendrick.Bullseye;
				PRODUCT_NAME = Bullseye;
				SDKROOT = iphoneos;
				SWIFT_EMIT_LOC_STRINGS = YES;
				SWIFT_VERSION = 5.0;
				TARGETED_DEVICE_FAMILY = "1,2";
			};
			name = Debug;
		};
		E368137F2838DD9800C56134 /* Release */ = {
			isa = XCBuildConfiguration;
			buildSettings = {
				ASSETCATALOG_COMPILER_APPICON_NAME = AppIcon;
				ASSETCATALOG_COMPILER_GLOBAL_ACCENT_COLOR_NAME = AccentColor;
				CODE_SIGN_STYLE = Automatic;
				CREATE_INFOPLIST_SECTION_IN_BINARY = YES;
				CURRENT_PROJECT_VERSION = 1;
				DEVELOPMENT_TEAM = QW87FGX966;
				ENABLE_PREVIEWS = YES;
				GENERATE_INFOPLIST_FILE = YES;
				INFOPLIST_KEY_UIApplicationSceneManifest_Generation = YES;
				INFOPLIST_KEY_UIApplicationSupportsIndirectInputEvents = YES;
				INFOPLIST_KEY_UILaunchScreen_Generation = YES;
				INFOPLIST_KEY_UISupportedInterfaceOrientations_iPad = "UIInterfaceOrientationPortrait UIInterfaceOrientationPortraitUpsideDown UIInterfaceOrientationLandscapeLeft UIInterfaceOrientationLandscapeRight";
				INFOPLIST_KEY_UISupportedInterfaceOrientations_iPhone = "UIInterfaceOrientationPortrait UIInterfaceOrientationLandscapeLeft UIInterfaceOrientationLandscapeRight";
				IPHONEOS_DEPLOYMENT_TARGET = 15.4;
				LD_RUNPATH_SEARCH_PATHS = (
					"$(inherited)",
					"@executable_path/Frameworks",
				);
				MARKETING_VERSION = 1.0;
				PRODUCT_BUNDLE_IDENTIFIER = com.hendrick.Bullseye;
				PRODUCT_NAME = Bullseye;
				SDKROOT = iphoneos;
				SWIFT_EMIT_LOC_STRINGS = YES;
				SWIFT_VERSION = 5.0;
				TARGETED_DEVICE_FAMILY = "1,2";
				VALIDATE_PRODUCT = YES;
			};
			name = Release;
		};
		E36813812838DD9800C56134 /* Debug */ = {
			isa = XCBuildConfiguration;
			buildSettings = {
				ASSETCATALOG_COMPILER_APPICON_NAME = AppIcon;
				ASSETCATALOG_COMPILER_GLOBAL_ACCENT_COLOR_NAME = AccentColor;
				CODE_SIGN_ENTITLEMENTS = macOS/macOS.entitlements;
				CODE_SIGN_STYLE = Automatic;
				COMBINE_HIDPI_IMAGES = YES;
				CURRENT_PROJECT_VERSION = 1;
				DEVELOPMENT_TEAM = QW87FGX966;
				ENABLE_HARDENED_RUNTIME = YES;
				ENABLE_PREVIEWS = YES;
				GENERATE_INFOPLIST_FILE = YES;
				INFOPLIST_KEY_NSHumanReadableCopyright = "";
				LD_RUNPATH_SEARCH_PATHS = (
					"$(inherited)",
					"@executable_path/../Frameworks",
				);
				MACOSX_DEPLOYMENT_TARGET = 12.2;
				MARKETING_VERSION = 1.0;
				PRODUCT_BUNDLE_IDENTIFIER = com.hendrick.Bullseye;
				PRODUCT_NAME = Bullseye;
				SDKROOT = macosx;
				SWIFT_EMIT_LOC_STRINGS = YES;
				SWIFT_VERSION = 5.0;
			};
			name = Debug;
		};
		E36813822838DD9800C56134 /* Release */ = {
			isa = XCBuildConfiguration;
			buildSettings = {
				ASSETCATALOG_COMPILER_APPICON_NAME = AppIcon;
				ASSETCATALOG_COMPILER_GLOBAL_ACCENT_COLOR_NAME = AccentColor;
				CODE_SIGN_ENTITLEMENTS = macOS/macOS.entitlements;
				CODE_SIGN_STYLE = Automatic;
				COMBINE_HIDPI_IMAGES = YES;
				CURRENT_PROJECT_VERSION = 1;
				DEVELOPMENT_TEAM = QW87FGX966;
				ENABLE_HARDENED_RUNTIME = YES;
				ENABLE_PREVIEWS = YES;
				GENERATE_INFOPLIST_FILE = YES;
				INFOPLIST_KEY_NSHumanReadableCopyright = "";
				LD_RUNPATH_SEARCH_PATHS = (
					"$(inherited)",
					"@executable_path/../Frameworks",
				);
				MACOSX_DEPLOYMENT_TARGET = 12.2;
				MARKETING_VERSION = 1.0;
				PRODUCT_BUNDLE_IDENTIFIER = com.hendrick.Bullseye;
				PRODUCT_NAME = Bullseye;
				SDKROOT = macosx;
				SWIFT_EMIT_LOC_STRINGS = YES;
				SWIFT_VERSION = 5.0;
			};
			name = Release;
		};
		E36813842838DD9800C56134 /* Debug */ = {
			isa = XCBuildConfiguration;
			buildSettings = {
				ALWAYS_EMBED_SWIFT_STANDARD_LIBRARIES = YES;
				CODE_SIGN_STYLE = Automatic;
				CURRENT_PROJECT_VERSION = 1;
				DEVELOPMENT_TEAM = QW87FGX966;
				GENERATE_INFOPLIST_FILE = YES;
				IPHONEOS_DEPLOYMENT_TARGET = 15.4;
				MARKETING_VERSION = 1.0;
				PRODUCT_BUNDLE_IDENTIFIER = "com.hendrick.Tests-iOS";
				PRODUCT_NAME = "$(TARGET_NAME)";
				SDKROOT = iphoneos;
				SWIFT_EMIT_LOC_STRINGS = NO;
				SWIFT_VERSION = 5.0;
				TARGETED_DEVICE_FAMILY = "1,2";
				TEST_TARGET_NAME = "Bullseye (iOS)";
			};
			name = Debug;
		};
		E36813852838DD9800C56134 /* Release */ = {
			isa = XCBuildConfiguration;
			buildSettings = {
				ALWAYS_EMBED_SWIFT_STANDARD_LIBRARIES = YES;
				CODE_SIGN_STYLE = Automatic;
				CURRENT_PROJECT_VERSION = 1;
				DEVELOPMENT_TEAM = QW87FGX966;
				GENERATE_INFOPLIST_FILE = YES;
				IPHONEOS_DEPLOYMENT_TARGET = 15.4;
				MARKETING_VERSION = 1.0;
				PRODUCT_BUNDLE_IDENTIFIER = "com.hendrick.Tests-iOS";
				PRODUCT_NAME = "$(TARGET_NAME)";
				SDKROOT = iphoneos;
				SWIFT_EMIT_LOC_STRINGS = NO;
				SWIFT_VERSION = 5.0;
				TARGETED_DEVICE_FAMILY = "1,2";
				TEST_TARGET_NAME = "Bullseye (iOS)";
				VALIDATE_PRODUCT = YES;
			};
			name = Release;
		};
		E36813872838DD9800C56134 /* Debug */ = {
			isa = XCBuildConfiguration;
			buildSettings = {
				ALWAYS_EMBED_SWIFT_STANDARD_LIBRARIES = YES;
				CODE_SIGN_STYLE = Automatic;
				CURRENT_PROJECT_VERSION = 1;
				DEVELOPMENT_TEAM = QW87FGX966;
				GENERATE_INFOPLIST_FILE = YES;
				MACOSX_DEPLOYMENT_TARGET = 12.2;
				MARKETING_VERSION = 1.0;
				PRODUCT_BUNDLE_IDENTIFIER = "com.hendrick.Tests-macOS";
				PRODUCT_NAME = "$(TARGET_NAME)";
				SDKROOT = macosx;
				SWIFT_EMIT_LOC_STRINGS = NO;
				SWIFT_VERSION = 5.0;
				TEST_TARGET_NAME = "Bullseye (macOS)";
			};
			name = Debug;
		};
		E36813882838DD9800C56134 /* Release */ = {
			isa = XCBuildConfiguration;
			buildSettings = {
				ALWAYS_EMBED_SWIFT_STANDARD_LIBRARIES = YES;
				CODE_SIGN_STYLE = Automatic;
				CURRENT_PROJECT_VERSION = 1;
				DEVELOPMENT_TEAM = QW87FGX966;
				GENERATE_INFOPLIST_FILE = YES;
				MACOSX_DEPLOYMENT_TARGET = 12.2;
				MARKETING_VERSION = 1.0;
				PRODUCT_BUNDLE_IDENTIFIER = "com.hendrick.Tests-macOS";
				PRODUCT_NAME = "$(TARGET_NAME)";
				SDKROOT = macosx;
				SWIFT_EMIT_LOC_STRINGS = NO;
				SWIFT_VERSION = 5.0;
				TEST_TARGET_NAME = "Bullseye (macOS)";
			};
			name = Release;
		};
		E368139928396A2A00C56134 /* Debug */ = {
			isa = XCBuildConfiguration;
			buildSettings = {
				BUNDLE_LOADER = "$(TEST_HOST)";
				CODE_SIGN_STYLE = Automatic;
				CURRENT_PROJECT_VERSION = 1;
				DEVELOPMENT_TEAM = QW87FGX966;
				GENERATE_INFOPLIST_FILE = YES;
				IPHONEOS_DEPLOYMENT_TARGET = 15.4;
				MARKETING_VERSION = 1.0;
				PRODUCT_BUNDLE_IDENTIFIER = com.hendrick.BullseyeTests;
				PRODUCT_NAME = "$(TARGET_NAME)";
				SDKROOT = iphoneos;
				SWIFT_EMIT_LOC_STRINGS = NO;
				SWIFT_VERSION = 5.0;
				TARGETED_DEVICE_FAMILY = "1,2";
				TEST_HOST = "$(BUILT_PRODUCTS_DIR)/Bullseye.app/Bullseye";
			};
			name = Debug;
		};
		E368139A28396A2A00C56134 /* Release */ = {
			isa = XCBuildConfiguration;
			buildSettings = {
				BUNDLE_LOADER = "$(TEST_HOST)";
				CODE_SIGN_STYLE = Automatic;
				CURRENT_PROJECT_VERSION = 1;
				DEVELOPMENT_TEAM = QW87FGX966;
				GENERATE_INFOPLIST_FILE = YES;
				IPHONEOS_DEPLOYMENT_TARGET = 15.4;
				MARKETING_VERSION = 1.0;
				PRODUCT_BUNDLE_IDENTIFIER = com.hendrick.BullseyeTests;
				PRODUCT_NAME = "$(TARGET_NAME)";
				SDKROOT = iphoneos;
				SWIFT_EMIT_LOC_STRINGS = NO;
				SWIFT_VERSION = 5.0;
				TARGETED_DEVICE_FAMILY = "1,2";
				TEST_HOST = "$(BUILT_PRODUCTS_DIR)/Bullseye.app/Bullseye";
				VALIDATE_PRODUCT = YES;
			};
			name = Release;
		};
/* End XCBuildConfiguration section */

/* Begin XCConfigurationList section */
		E368134B2838DD9700C56134 /* Build configuration list for PBXProject "Bullseye" */ = {
			isa = XCConfigurationList;
			buildConfigurations = (
				E368137B2838DD9800C56134 /* Debug */,
				E368137C2838DD9800C56134 /* Release */,
			);
			defaultConfigurationIsVisible = 0;
			defaultConfigurationName = Release;
		};
		E368137D2838DD9800C56134 /* Build configuration list for PBXNativeTarget "Bullseye (iOS)" */ = {
			isa = XCConfigurationList;
			buildConfigurations = (
				E368137E2838DD9800C56134 /* Debug */,
				E368137F2838DD9800C56134 /* Release */,
			);
			defaultConfigurationIsVisible = 0;
			defaultConfigurationName = Release;
		};
		E36813802838DD9800C56134 /* Build configuration list for PBXNativeTarget "Bullseye (macOS)" */ = {
			isa = XCConfigurationList;
			buildConfigurations = (
				E36813812838DD9800C56134 /* Debug */,
				E36813822838DD9800C56134 /* Release */,
			);
			defaultConfigurationIsVisible = 0;
			defaultConfigurationName = Release;
		};
		E36813832838DD9800C56134 /* Build configuration list for PBXNativeTarget "Tests iOS" */ = {
			isa = XCConfigurationList;
			buildConfigurations = (
				E36813842838DD9800C56134 /* Debug */,
				E36813852838DD9800C56134 /* Release */,
			);
			defaultConfigurationIsVisible = 0;
			defaultConfigurationName = Release;
		};
		E36813862838DD9800C56134 /* Build configuration list for PBXNativeTarget "Tests macOS" */ = {
			isa = XCConfigurationList;
			buildConfigurations = (
				E36813872838DD9800C56134 /* Debug */,
				E36813882838DD9800C56134 /* Release */,
			);
			defaultConfigurationIsVisible = 0;
			defaultConfigurationName = Release;
		};
		E368139828396A2A00C56134 /* Build configuration list for PBXNativeTarget "BullseyeTests" */ = {
			isa = XCConfigurationList;
			buildConfigurations = (
				E368139928396A2A00C56134 /* Debug */,
				E368139A28396A2A00C56134 /* Release */,
			);
			defaultConfigurationIsVisible = 0;
			defaultConfigurationName = Release;
		};
/* End XCConfigurationList section */
	};
	rootObject = E36813482838DD9700C56134 /* Project object */;
}
